
Microsoft Visual Studio Solution File, Format Version 12.00
# Visual Studio 14
VisualStudioVersion = 14.0.25420.1
MinimumVisualStudioVersion = 10.0.40219.1
Project("{FAE04EC0-301F-11D3-BF4B-00C04F79EFBC}") = "UniversityRegistrationSystem", "UniversityRegistrationSystem\UniversityRegistrationSystem.csproj", "{42BC508E-432F-4E9B-A4D7-CBB0BA8DEEEF}"
EndProject
Project("{FAE04EC0-301F-11D3-BF4B-00C04F79EFBC}") = "BLLayer", "BLLayer\BLLayer.csproj", "{28AD9EBF-3D61-4A47-8B68-5C2D998C70FE}"
EndProject
Project("{FAE04EC0-301F-11D3-BF4B-00C04F79EFBC}") = "DALayer", "DALayer\DALayer.csproj", "{50ECB914-0168-426F-AC89-2501C87809FD}"
EndProject
Project("{FAE04EC0-301F-11D3-BF4B-00C04F79EFBC}") = "SharedLibrary", "SharedLibrary\SharedLibrary.csproj", "{87F6BB6D-3370-4FBE-86A6-7F6CD22F4EBF}"
EndProject
Global
	GlobalSection(SolutionConfigurationPlatforms) = preSolution
		Debug|Any CPU = Debug|Any CPU
		Release|Any CPU = Release|Any CPU
	EndGlobalSection
	GlobalSection(ProjectConfigurationPlatforms) = postSolution
		{42BC508E-432F-4E9B-A4D7-CBB0BA8DEEEF}.Debug|Any CPU.ActiveCfg = Debug|Any CPU
		{42BC508E-432F-4E9B-A4D7-CBB0BA8DEEEF}.Debug|Any CPU.Build.0 = Debug|Any CPU
		{42BC508E-432F-4E9B-A4D7-CBB0BA8DEEEF}.Release|Any CPU.ActiveCfg = Release|Any CPU
		{42BC508E-432F-4E9B-A4D7-CBB0BA8DEEEF}.Release|Any CPU.Build.0 = Release|Any CPU
		{28AD9EBF-3D61-4A47-8B68-5C2D998C70FE}.Debug|Any CPU.ActiveCfg = Debug|Any CPU
		{28AD9EBF-3D61-4A47-8B68-5C2D998C70FE}.Debug|Any CPU.Build.0 = Debug|Any CPU
		{28AD9EBF-3D61-4A47-8B68-5C2D998C70FE}.Release|Any CPU.ActiveCfg = Release|Any CPU
		{28AD9EBF-3D61-4A47-8B68-5C2D998C70FE}.Release|Any CPU.Build.0 = Release|Any CPU
		{50ECB914-0168-426F-AC89-2501C87809FD}.Debug|Any CPU.ActiveCfg = Debug|Any CPU
		{50ECB914-0168-426F-AC89-2501C87809FD}.Debug|Any CPU.Build.0 = Debug|Any CPU
		{50ECB914-0168-426F-AC89-2501C87809FD}.Release|Any CPU.ActiveCfg = Release|Any CPU
		{50ECB914-0168-426F-AC89-2501C87809FD}.Release|Any CPU.Build.0 = Release|Any CPU
		{87F6BB6D-3370-4FBE-86A6-7F6CD22F4EBF}.Debug|Any CPU.ActiveCfg = Debug|Any CPU
		{87F6BB6D-3370-4FBE-86A6-7F6CD22F4EBF}.Debug|Any CPU.Build.0 = Debug|Any CPU
		{87F6BB6D-3370-4FBE-86A6-7F6CD22F4EBF}.Release|Any CPU.ActiveCfg = Release|Any CPU
		{87F6BB6D-3370-4FBE-86A6-7F6CD22F4EBF}.Release|Any CPU.Build.0 = Release|Any CPU
	EndGlobalSection
	GlobalSection(SolutionProperties) = preSolution
		HideSolutionNode = FALSE
	EndGlobalSection
EndGlobal
